
Microsoft Visual Studio Solution File, Format Version 12.00
# Visual Studio Version 17
VisualStudioVersion = 17.0.31903.59
MinimumVisualStudioVersion = 10.0.40219.1
Project("{FAE04EC0-301F-11D3-BF4B-00C04F79EFBC}") = "Hub", "Hub.csproj", "{6CA8C215-3784-4C74-86DD-25551BADD5DA}"
EndProject
Project("{FAE04EC0-301F-11D3-BF4B-00C04F79EFBC}") = "CommonValidation", "..\Shared\CommonValidation\CommonValidation.csproj", "{63922EFA-2A64-43B9-9C6F-4CBEBD269AF7}"
EndProject
Global
	GlobalSection(SolutionConfigurationPlatforms) = preSolution
		Debug|Any CPU = Debug|Any CPU
		Debug|x64 = Debug|x64
		Debug|x86 = Debug|x86
		Release|Any CPU = Release|Any CPU
		Release|x64 = Release|x64
		Release|x86 = Release|x86
	EndGlobalSection
	GlobalSection(ProjectConfigurationPlatforms) = postSolution
		{6CA8C215-3784-4C74-86DD-25551BADD5DA}.Debug|Any CPU.ActiveCfg = Debug|Any CPU
		{6CA8C215-3784-4C74-86DD-25551BADD5DA}.Debug|Any CPU.Build.0 = Debug|Any CPU
		{6CA8C215-3784-4C74-86DD-25551BADD5DA}.Debug|x64.ActiveCfg = Debug|Any CPU
		{6CA8C215-3784-4C74-86DD-25551BADD5DA}.Debug|x64.Build.0 = Debug|Any CPU
		{6CA8C215-3784-4C74-86DD-25551BADD5DA}.Debug|x86.ActiveCfg = Debug|Any CPU
		{6CA8C215-3784-4C74-86DD-25551BADD5DA}.Debug|x86.Build.0 = Debug|Any CPU
		{6CA8C215-3784-4C74-86DD-25551BADD5DA}.Release|Any CPU.ActiveCfg = Release|Any CPU
		{6CA8C215-3784-4C74-86DD-25551BADD5DA}.Release|Any CPU.Build.0 = Release|Any CPU
		{6CA8C215-3784-4C74-86DD-25551BADD5DA}.Release|x64.ActiveCfg = Release|Any CPU
		{6CA8C215-3784-4C74-86DD-25551BADD5DA}.Release|x64.Build.0 = Release|Any CPU
		{6CA8C215-3784-4C74-86DD-25551BADD5DA}.Release|x86.ActiveCfg = Release|Any CPU
		{6CA8C215-3784-4C74-86DD-25551BADD5DA}.Release|x86.Build.0 = Release|Any CPU
		{63922EFA-2A64-43B9-9C6F-4CBEBD269AF7}.Debug|Any CPU.ActiveCfg = Debug|Any CPU
		{63922EFA-2A64-43B9-9C6F-4CBEBD269AF7}.Debug|Any CPU.Build.0 = Debug|Any CPU
		{63922EFA-2A64-43B9-9C6F-4CBEBD269AF7}.Debug|x64.ActiveCfg = Debug|Any CPU
		{63922EFA-2A64-43B9-9C6F-4CBEBD269AF7}.Debug|x64.Build.0 = Debug|Any CPU
		{63922EFA-2A64-43B9-9C6F-4CBEBD269AF7}.Debug|x86.ActiveCfg = Debug|Any CPU
		{63922EFA-2A64-43B9-9C6F-4CBEBD269AF7}.Debug|x86.Build.0 = Debug|Any CPU
		{63922EFA-2A64-43B9-9C6F-4CBEBD269AF7}.Release|Any CPU.ActiveCfg = Release|Any CPU
		{63922EFA-2A64-43B9-9C6F-4CBEBD269AF7}.Release|Any CPU.Build.0 = Release|Any CPU
		{63922EFA-2A64-43B9-9C6F-4CBEBD269AF7}.Release|x64.ActiveCfg = Release|Any CPU
		{63922EFA-2A64-43B9-9C6F-4CBEBD269AF7}.Release|x64.Build.0 = Release|Any CPU
		{63922EFA-2A64-43B9-9C6F-4CBEBD269AF7}.Release|x86.ActiveCfg = Release|Any CPU
		{63922EFA-2A64-43B9-9C6F-4CBEBD269AF7}.Release|x86.Build.0 = Release|Any CPU
	EndGlobalSection
	GlobalSection(SolutionProperties) = preSolution
		HideSolutionNode = FALSE
	EndGlobalSection
EndGlobal
